// !$*UTF8*$!
{
	archiveVersion = 1;
	classes = {
	};
	objectVersion = 50;
	objects = {

/* Begin PBXBuildFile section */
		040D087D21CC961600E8338B /* AppDelegate.swift in Sources */ = {isa = PBXBuildFile; fileRef = 040D087C21CC961600E8338B /* AppDelegate.swift */; };
		040D087F21CC961600E8338B /* ViewController.swift in Sources */ = {isa = PBXBuildFile; fileRef = 040D087E21CC961600E8338B /* ViewController.swift */; };
		040D088221CC961600E8338B /* Main.storyboard in Resources */ = {isa = PBXBuildFile; fileRef = 040D088021CC961600E8338B /* Main.storyboard */; };
		040D088421CC963100E8338B /* Assets.xcassets in Resources */ = {isa = PBXBuildFile; fileRef = 040D088321CC963100E8338B /* Assets.xcassets */; };
		040D088721CC963100E8338B /* LaunchScreen.storyboard in Resources */ = {isa = PBXBuildFile; fileRef = 040D088521CC963100E8338B /* LaunchScreen.storyboard */; };
		040D089221CC965E00E8338B /* RRPayCell.swift in Sources */ = {isa = PBXBuildFile; fileRef = 040D088F21CC965E00E8338B /* RRPayCell.swift */; };
		040D089321CC965E00E8338B /* RRPayCell.xib in Resources */ = {isa = PBXBuildFile; fileRef = 040D089021CC965E00E8338B /* RRPayCell.xib */; };
		040D089421CC965E00E8338B /* RRPayView.swift in Sources */ = {isa = PBXBuildFile; fileRef = 040D089121CC965E00E8338B /* RRPayView.swift */; };
		040D089C21CC969E00E8338B /* LICENSE in Resources */ = {isa = PBXBuildFile; fileRef = 040D089721CC969E00E8338B /* LICENSE */; };
		040D089D21CC969E00E8338B /* README.md in Resources */ = {isa = PBXBuildFile; fileRef = 040D089821CC969E00E8338B /* README.md */; };
		040D089E21CC969E00E8338B /* Then.swift in Sources */ = {isa = PBXBuildFile; fileRef = 040D089B21CC969E00E8338B /* Then.swift */; };
/* End PBXBuildFile section */

/* Begin PBXFileReference section */
		040D087921CC961500E8338B /* PayView.app */ = {isa = PBXFileReference; explicitFileType = wrapper.application; includeInIndex = 0; path = PayView.app; sourceTree = BUILT_PRODUCTS_DIR; };
		040D087C21CC961600E8338B /* AppDelegate.swift */ = {isa = PBXFileReference; lastKnownFileType = sourcecode.swift; path = AppDelegate.swift; sourceTree = "<group>"; };
		040D087E21CC961600E8338B /* ViewController.swift */ = {isa = PBXFileReference; lastKnownFileType = sourcecode.swift; path = ViewController.swift; sourceTree = "<group>"; };
		040D088121CC961600E8338B /* Base */ = {isa = PBXFileReference; lastKnownFileType = file.storyboard; name = Base; path = Base.lproj/Main.storyboard; sourceTree = "<group>"; };
		040D088321CC963100E8338B /* Assets.xcassets */ = {isa = PBXFileReference; lastKnownFileType = folder.assetcatalog; path = Assets.xcassets; sourceTree = "<group>"; };
		040D088621CC963100E8338B /* Base */ = {isa = PBXFileReference; lastKnownFileType = file.storyboard; name = Base; path = Base.lproj/LaunchScreen.storyboard; sourceTree = "<group>"; };
		040D088821CC963100E8338B /* Info.plist */ = {isa = PBXFileReference; lastKnownFileType = text.plist.xml; path = Info.plist; sourceTree = "<group>"; };
		040D088F21CC965E00E8338B /* RRPayCell.swift */ = {isa = PBXFileReference; fileEncoding = 4; lastKnownFileType = sourcecode.swift; path = RRPayCell.swift; sourceTree = "<group>"; };
		040D089021CC965E00E8338B /* RRPayCell.xib */ = {isa = PBXFileReference; fileEncoding = 4; lastKnownFileType = file.xib; path = RRPayCell.xib; sourceTree = "<group>"; };
		040D089121CC965E00E8338B /* RRPayView.swift */ = {isa = PBXFileReference; fileEncoding = 4; lastKnownFileType = sourcecode.swift; path = RRPayView.swift; sourceTree = "<group>"; };
		040D089721CC969E00E8338B /* LICENSE */ = {isa = PBXFileReference; fileEncoding = 4; lastKnownFileType = text; path = LICENSE; sourceTree = "<group>"; };
		040D089821CC969E00E8338B /* README.md */ = {isa = PBXFileReference; fileEncoding = 4; lastKnownFileType = net.daringfireball.markdown; path = README.md; sourceTree = "<group>"; };
		040D089B21CC969E00E8338B /* Then.swift */ = {isa = PBXFileReference; fileEncoding = 4; lastKnownFileType = sourcecode.swift; path = Then.swift; sourceTree = "<group>"; };
/* End PBXFileReference section */

/* Begin PBXFrameworksBuildPhase section */
		040D087621CC961500E8338B /* Frameworks */ = {
			isa = PBXFrameworksBuildPhase;
			buildActionMask = 2147483647;
			files = (
			);
			runOnlyForDeploymentPostprocessing = 0;
		};
/* End PBXFrameworksBuildPhase section */

/* Begin PBXGroup section */
		040D087021CC961500E8338B = {
			isa = PBXGroup;
			children = (
				040D087B21CC961500E8338B /* PayView */,
				040D087A21CC961500E8338B /* Products */,
			);
			sourceTree = "<group>";
		};
		040D087A21CC961500E8338B /* Products */ = {
			isa = PBXGroup;
			children = (
				040D087921CC961500E8338B /* PayView.app */,
			);
			name = Products;
			sourceTree = "<group>";
		};
		040D087B21CC961500E8338B /* PayView */ = {
			isa = PBXGroup;
			children = (
				040D089521CC969000E8338B /* vender */,
				040D088E21CC965E00E8338B /* 支付 */,
				040D087C21CC961600E8338B /* AppDelegate.swift */,
				040D087E21CC961600E8338B /* ViewController.swift */,
				040D088021CC961600E8338B /* Main.storyboard */,
				040D088321CC963100E8338B /* Assets.xcassets */,
				040D088521CC963100E8338B /* LaunchScreen.storyboard */,
				040D088821CC963100E8338B /* Info.plist */,
			);
			path = PayView;
			sourceTree = "<group>";
		};
		040D088E21CC965E00E8338B /* 支付 */ = {
			isa = PBXGroup;
			children = (
				040D088F21CC965E00E8338B /* RRPayCell.swift */,
				040D089021CC965E00E8338B /* RRPayCell.xib */,
				040D089121CC965E00E8338B /* RRPayView.swift */,
			);
			path = "支付";
			sourceTree = "<group>";
		};
		040D089521CC969000E8338B /* vender */ = {
			isa = PBXGroup;
			children = (
				040D089621CC969E00E8338B /* Then */,
			);
			path = vender;
			sourceTree = "<group>";
		};
		040D089621CC969E00E8338B /* Then */ = {
			isa = PBXGroup;
			children = (
				040D089721CC969E00E8338B /* LICENSE */,
				040D089821CC969E00E8338B /* README.md */,
				040D089921CC969E00E8338B /* Sources */,
			);
			path = Then;
			sourceTree = "<group>";
		};
		040D089921CC969E00E8338B /* Sources */ = {
			isa = PBXGroup;
			children = (
				040D089A21CC969E00E8338B /* Then */,
			);
			path = Sources;
			sourceTree = "<group>";
		};
		040D089A21CC969E00E8338B /* Then */ = {
			isa = PBXGroup;
			children = (
				040D089B21CC969E00E8338B /* Then.swift */,
			);
			path = Then;
			sourceTree = "<group>";
		};
/* End PBXGroup section */

/* Begin PBXNativeTarget section */
		040D087821CC961500E8338B /* PayView */ = {
			isa = PBXNativeTarget;
			buildConfigurationList = 040D088B21CC963100E8338B /* Build configuration list for PBXNativeTarget "PayView" */;
			buildPhases = (
				040D087521CC961500E8338B /* Sources */,
				040D087621CC961500E8338B /* Frameworks */,
				040D087721CC961500E8338B /* Resources */,
			);
			buildRules = (
			);
			dependencies = (
			);
			name = PayView;
			productName = PayView;
			productReference = 040D087921CC961500E8338B /* PayView.app */;
			productType = "com.apple.product-type.application";
		};
/* End PBXNativeTarget section */

/* Begin PBXProject section */
		040D087121CC961500E8338B /* Project object */ = {
			isa = PBXProject;
			attributes = {
				LastSwiftUpdateCheck = 1010;
				LastUpgradeCheck = 1010;
				ORGANIZATIONNAME = mac;
				TargetAttributes = {
					040D087821CC961500E8338B = {
						CreatedOnToolsVersion = 10.1;
					};
				};
			};
			buildConfigurationList = 040D087421CC961500E8338B /* Build configuration list for PBXProject "PayView" */;
			compatibilityVersion = "Xcode 9.3";
			developmentRegion = en;
			hasScannedForEncodings = 0;
			knownRegions = (
				en,
				Base,
			);
			mainGroup = 040D087021CC961500E8338B;
			productRefGroup = 040D087A21CC961500E8338B /* Products */;
			projectDirPath = "";
			projectRoot = "";
			targets = (
				040D087821CC961500E8338B /* PayView */,
			);
		};
/* End PBXProject section */

/* Begin PBXResourcesBuildPhase section */
		040D087721CC961500E8338B /* Resources */ = {
			isa = PBXResourcesBuildPhase;
			buildActionMask = 2147483647;
			files = (
				040D089D21CC969E00E8338B /* README.md in Resources */,
				040D089321CC965E00E8338B /* RRPayCell.xib in Resources */,
				040D088721CC963100E8338B /* LaunchScreen.storyboard in Resources */,
				040D088421CC963100E8338B /* Assets.xcassets in Resources */,
				040D088221CC961600E8338B /* Main.storyboard in Resources */,
				040D089C21CC969E00E8338B /* LICENSE in Resources */,
			);
			runOnlyForDeploymentPostprocessing = 0;
		};
/* End PBXResourcesBuildPhase section */

/* Begin PBXSourcesBuildPhase section */
		040D087521CC961500E8338B /* Sources */ = {
			isa = PBXSourcesBuildPhase;
			buildActionMask = 2147483647;
			files = (
				040D087F21CC961600E8338B /* ViewController.swift in Sources */,
				040D089221CC965E00E8338B /* RRPayCell.swift in Sources */,
				040D087D21CC961600E8338B /* AppDelegate.swift in Sources */,
				040D089E21CC969E00E8338B /* Then.swift in Sources */,
				040D089421CC965E00E8338B /* RRPayView.swift in Sources */,
			);
			runOnlyForDeploymentPostprocessing = 0;
		};
/* End PBXSourcesBuildPhase section */

/* Begin PBXVariantGroup section */
		040D088021CC961600E8338B /* Main.storyboard */ = {
			isa = PBXVariantGroup;
			children = (
				040D088121CC961600E8338B /* Base */,
			);
			name = Main.storyboard;
			sourceTree = "<group>";
		};
		040D088521CC963100E8338B /* LaunchScreen.storyboard */ = {
			isa = PBXVariantGroup;
			children = (
				040D088621CC963100E8338B /* Base */,
			);
			name = LaunchScreen.storyboard;
			sourceTree = "<group>";
		};
/* End PBXVariantGroup section */

/* Begin XCBuildConfiguration section */
		040D088921CC963100E8338B /* Debug */ = {
			isa = XCBuildConfiguration;
			buildSettings = {
				ALWAYS_SEARCH_USER_PATHS = NO;
				CLANG_ANALYZER_NONNULL = YES;
				CLANG_ANALYZER_NUMBER_OBJECT_CONVERSION = YES_AGGRESSIVE;
				CLANG_CXX_LANGUAGE_STANDARD = "gnu++14";
				CLANG_CXX_LIBRARY = "libc++";
				CLANG_ENABLE_MODULES = YES;
				CLANG_ENABLE_OBJC_ARC = YES;
				CLANG_ENABLE_OBJC_WEAK = YES;
				CLANG_WARN_BLOCK_CAPTURE_AUTORELEASING = YES;
				CLANG_WARN_BOOL_CONVERSION = YES;
				CLANG_WARN_COMMA = YES;
				CLANG_WARN_CONSTANT_CONVERSION = YES;
				CLANG_WARN_DEPRECATED_OBJC_IMPLEMENTATIONS = YES;
				CLANG_WARN_DIRECT_OBJC_ISA_USAGE = YES_ERROR;
				CLANG_WARN_DOCUMENTATION_COMMENTS = YES;
				CLANG_WARN_EMPTY_BODY = YES;
				CLANG_WARN_ENUM_CONVERSION = YES;
				CLANG_WARN_INFINITE_RECURSION = YES;
				CLANG_WARN_INT_CONVERSION = YES;
				CLANG_WARN_NON_LITERAL_NULL_CONVERSION = YES;
				CLANG_WARN_OBJC_IMPLICIT_RETAIN_SELF = YES;
				CLANG_WARN_OBJC_LITERAL_CONVERSION = YES;
				CLANG_WARN_OBJC_ROOT_CLASS = YES_ERROR;
				CLANG_WARN_RANGE_LOOP_ANALYSIS = YES;
				CLANG_WARN_STRICT_PROTOTYPES = YES;
				CLANG_WARN_SUSPICIOUS_MOVE = YES;
				CLANG_WARN_UNGUARDED_AVAILABILITY = YES_AGGRESSIVE;
				CLANG_WARN_UNREACHABLE_CODE = YES;
				CLANG_WARN__DUPLICATE_METHOD_MATCH = YES;
				CODE_SIGN_IDENTITY = "iPhone Developer";
				COPY_PHASE_STRIP = NO;
				DEBUG_INFORMATION_FORMAT = dwarf;
				ENABLE_STRICT_OBJC_MSGSEND = YES;
				ENABLE_TESTABILITY = YES;
				GCC_C_LANGUAGE_STANDARD = gnu11;
				GCC_DYNAMIC_NO_PIC = NO;
				GCC_NO_COMMON_BLOCKS = YES;
				GCC_OPTIMIZATION_LEVEL = 0;
				GCC_PREPROCESSOR_DEFINITIONS = (
					"DEBUG=1",
					"$(inherited)",
				);
				GCC_WARN_64_TO_32_BIT_CONVERSION = YES;
				GCC_WARN_ABOUT_RETURN_TYPE = YES_ERROR;
				GCC_WARN_UNDECLARED_SELECTOR = YES;
				GCC_WARN_UNINITIALIZED_AUTOS = YES_AGGRESSIVE;
				GCC_WARN_UNUSED_FUNCTION = YES;
				GCC_WARN_UNUSED_VARIABLE = YES;
				IPHONEOS_DEPLOYMENT_TARGET = 12.1;
				MTL_ENABLE_DEBUG_INFO = INCLUDE_SOURCE;
				MTL_FAST_MATH = YES;
				ONLY_ACTIVE_ARCH = YES;
				SDKROOT = iphoneos;
				SWIFT_ACTIVE_COMPILATION_CONDITIONS = DEBUG;
				SWIFT_OPTIMIZATION_LEVEL = "-Onone";
			};
			name = Debug;
		};
		040D088A21CC963100E8338B /* Release */ = {
			isa = XCBuildConfiguration;
			buildSettings = {
				ALWAYS_SEARCH_USER_PATHS = NO;
				CLANG_ANALYZER_NONNULL = YES;
				CLANG_ANALYZER_NUMBER_OBJECT_CONVERSION = YES_AGGRESSIVE;
				CLANG_CXX_LANGUAGE_STANDARD = "gnu++14";
				CLANG_CXX_LIBRARY = "libc++";
				CLANG_ENABLE_MODULES = YES;
				CLANG_ENABLE_OBJC_ARC = YES;
				CLANG_ENABLE_OBJC_WEAK = YES;
				CLANG_WARN_BLOCK_CAPTURE_AUTORELEASING = YES;
				CLANG_WARN_BOOL_CONVERSION = YES;
				CLANG_WARN_COMMA = YES;
				CLANG_WARN_CONSTANT_CONVERSION = YES;
				CLANG_WARN_DEPRECATED_OBJC_IMPLEMENTATIONS = YES;
				CLANG_WARN_DIRECT_OBJC_ISA_USAGE = YES_ERROR;
				CLANG_WARN_DOCUMENTATION_COMMENTS = YES;
				CLANG_WARN_EMPTY_BODY = YES;
				CLANG_WARN_ENUM_CONVERSION = YES;
				CLANG_WARN_INFINITE_RECURSION = YES;
				CLANG_WARN_INT_CONVERSION = YES;
				CLANG_WARN_NON_LITERAL_NULL_CONVERSION = YES;
				CLANG_WARN_OBJC_IMPLICIT_RETAIN_SELF = YES;
				CLANG_WARN_OBJC_LITERAL_CONVERSION = YES;
				CLANG_WARN_OBJC_ROOT_CLASS = YES_ERROR;
				CLANG_WARN_RANGE_LOOP_ANALYSIS = YES;
				CLANG_WARN_STRICT_PROTOTYPES = YES;
				CLANG_WARN_SUSPICIOUS_MOVE = YES;
				CLANG_WARN_UNGUARDED_AVAILABILITY = YES_AGGRESSIVE;
				CLANG_WARN_UNREACHABLE_CODE = YES;
				CLANG_WARN__DUPLICATE_METHOD_MATCH = YES;
				CODE_SIGN_IDENTITY = "iPhone Developer";
				COPY_PHASE_STRIP = NO;
				DEBUG_INFORMATION_FORMAT = "dwarf-with-dsym";
				ENABLE_NS_ASSERTIONS = NO;
				ENABLE_STRICT_OBJC_MSGSEND = YES;
				GCC_C_LANGUAGE_STANDARD = gnu11;
				GCC_NO_COMMON_BLOCKS = YES;
				GCC_WARN_64_TO_32_BIT_CONVERSION = YES;
				GCC_WARN_ABOUT_RETURN_TYPE = YES_ERROR;
				GCC_WARN_UNDECLARED_SELECTOR = YES;
				GCC_WARN_UNINITIALIZED_AUTOS = YES_AGGRESSIVE;
				GCC_WARN_UNUSED_FUNCTION = YES;
				GCC_WARN_UNUSED_VARIABLE = YES;
				IPHONEOS_DEPLOYMENT_TARGET = 12.1;
				MTL_ENABLE_DEBUG_INFO = NO;
				MTL_FAST_MATH = YES;
				SDKROOT = iphoneos;
				SWIFT_COMPILATION_MODE = wholemodule;
				SWIFT_OPTIMIZATION_LEVEL = "-O";
				VALIDATE_PRODUCT = YES;
			};
			name = Release;
		};
		040D088C21CC963100E8338B /* Debug */ = {
			isa = XCBuildConfiguration;
			buildSettings = {
				ASSETCATALOG_COMPILER_APPICON_NAME = AppIcon;
				CODE_SIGN_STYLE = Manual;
				DEVELOPMENT_TEAM = 7S2GYUJ4XQ;
				INFOPLIST_FILE = PayView/Info.plist;
				IPHONEOS_DEPLOYMENT_TARGET = 11.0;
				LD_RUNPATH_SEARCH_PATHS = (
					"$(inherited)",
					"@executable_path/Frameworks",
				);
				PRODUCT_BUNDLE_IDENTIFIER = com.work.PayView;
				PRODUCT_NAME = "$(TARGET_NAME)";
				PROVISIONING_PROFILE_SPECIFIER = WildcardCert;
				SWIFT_VERSION = 4.2;
				TARGETED_DEVICE_FAMILY = "1,2";
			};
			name = Debug;
		};
		040D088D21CC963100E8338B /* Release */ = {
			isa = XCBuildConfiguration;
			buildSettings = {
				ASSETCATALOG_COMPILER_APPICON_NAME = AppIcon;
				CODE_SIGN_STYLE = Manual;
				DEVELOPMENT_TEAM = 7S2GYUJ4XQ;
				INFOPLIST_FILE = PayView/Info.plist;
				IPHONEOS_DEPLOYMENT_TARGET = 11.0;
				LD_RUNPATH_SEARCH_PATHS = (
					"$(inherited)",
					"@executable_path/Frameworks",
				);
				PRODUCT_BUNDLE_IDENTIFIER = com.work.PayView;
				PRODUCT_NAME = "$(TARGET_NAME)";
				PROVISIONING_PROFILE_SPECIFIER = WildcardCert;
				SWIFT_VERSION = 4.2;
				TARGETED_DEVICE_FAMILY = "1,2";
			};
			name = Release;
		};
/* End XCBuildConfiguration section */

/* Begin XCConfigurationList section */
		040D087421CC961500E8338B /* Build configuration list for PBXProject "PayView" */ = {
			isa = XCConfigurationList;
			buildConfigurations = (
				040D088921CC963100E8338B /* Debug */,
				040D088A21CC963100E8338B /* Release */,
			);
			defaultConfigurationIsVisible = 0;
			defaultConfigurationName = Release;
		};
		040D088B21CC963100E8338B /* Build configuration list for PBXNativeTarget "PayView" */ = {
			isa = XCConfigurationList;
			buildConfigurations = (
				040D088C21CC963100E8338B /* Debug */,
				040D088D21CC963100E8338B /* Release */,
			);
			defaultConfigurationIsVisible = 0;
			defaultConfigurationName = Release;
		};
/* End XCConfigurationList section */
	};
	rootObject = 040D087121CC961500E8338B /* Project object */;
}
